
Microsoft Visual Studio Solution File, Format Version 12.00
# Visual Studio 14
VisualStudioVersion = 14.0.23107.0
MinimumVisualStudioVersion = 10.0.40219.1
Project("{FAE04EC0-301F-11D3-BF4B-00C04F79EFBC}") = "IntegrationTester", "IntegrationTester\IntegrationTester.csproj", "{E1C0A51D-0143-4DC7-91FB-FB27F63597DA}"
EndProject
Project("{FAE04EC0-301F-11D3-BF4B-00C04F79EFBC}") = "IntegrationTesterTests", "IntegrationTesterTests\IntegrationTesterTests.csproj", "{68518BE5-430F-473F-AE82-4C17B4B4BD50}"
EndProject
Global
	GlobalSection(SolutionConfigurationPlatforms) = preSolution
		Debug|Any CPU = Debug|Any CPU
		Release|Any CPU = Release|Any CPU
	EndGlobalSection
	GlobalSection(ProjectConfigurationPlatforms) = postSolution
		{E1C0A51D-0143-4DC7-91FB-FB27F63597DA}.Debug|Any CPU.ActiveCfg = Debug|Any CPU
		{E1C0A51D-0143-4DC7-91FB-FB27F63597DA}.Debug|Any CPU.Build.0 = Debug|Any CPU
		{E1C0A51D-0143-4DC7-91FB-FB27F63597DA}.Release|Any CPU.ActiveCfg = Release|Any CPU
		{E1C0A51D-0143-4DC7-91FB-FB27F63597DA}.Release|Any CPU.Build.0 = Release|Any CPU
		{68518BE5-430F-473F-AE82-4C17B4B4BD50}.Debug|Any CPU.ActiveCfg = Debug|Any CPU
		{68518BE5-430F-473F-AE82-4C17B4B4BD50}.Debug|Any CPU.Build.0 = Debug|Any CPU
		{68518BE5-430F-473F-AE82-4C17B4B4BD50}.Release|Any CPU.ActiveCfg = Release|Any CPU
		{68518BE5-430F-473F-AE82-4C17B4B4BD50}.Release|Any CPU.Build.0 = Release|Any CPU
	EndGlobalSection
	GlobalSection(SolutionProperties) = preSolution
		HideSolutionNode = FALSE
	EndGlobalSection
EndGlobal
